
Microsoft Visual Studio Solution File, Format Version 12.00
# Visual Studio 15
VisualStudioVersion = 15.0.26730.15
MinimumVisualStudioVersion = 10.0.40219.1
Project("{FAE04EC0-301F-11D3-BF4B-00C04F79EFBC}") = "GigHub", "GigHub\GigHub.csproj", "{09ABA723-11E6-493F-A4C6-D3713FC48BF5}"
EndProject
Project("{FAE04EC0-301F-11D3-BF4B-00C04F79EFBC}") = "GigHub.Tests", "GigHub.Tests\GigHub.Tests.csproj", "{C10CF702-4AE5-42AD-BAFF-A06CD7728085}"
EndProject
Global
	GlobalSection(SolutionConfigurationPlatforms) = preSolution
		Debug|Any CPU = Debug|Any CPU
		Release|Any CPU = Release|Any CPU
	EndGlobalSection
	GlobalSection(ProjectConfigurationPlatforms) = postSolution
		{09ABA723-11E6-493F-A4C6-D3713FC48BF5}.Debug|Any CPU.ActiveCfg = Debug|Any CPU
		{09ABA723-11E6-493F-A4C6-D3713FC48BF5}.Debug|Any CPU.Build.0 = Debug|Any CPU
		{09ABA723-11E6-493F-A4C6-D3713FC48BF5}.Release|Any CPU.ActiveCfg = Release|Any CPU
		{09ABA723-11E6-493F-A4C6-D3713FC48BF5}.Release|Any CPU.Build.0 = Release|Any CPU
		{C10CF702-4AE5-42AD-BAFF-A06CD7728085}.Debug|Any CPU.ActiveCfg = Debug|Any CPU
		{C10CF702-4AE5-42AD-BAFF-A06CD7728085}.Debug|Any CPU.Build.0 = Debug|Any CPU
		{C10CF702-4AE5-42AD-BAFF-A06CD7728085}.Release|Any CPU.ActiveCfg = Release|Any CPU
		{C10CF702-4AE5-42AD-BAFF-A06CD7728085}.Release|Any CPU.Build.0 = Release|Any CPU
	EndGlobalSection
	GlobalSection(SolutionProperties) = preSolution
		HideSolutionNode = FALSE
	EndGlobalSection
	GlobalSection(ExtensibilityGlobals) = postSolution
		SolutionGuid = {E110DE70-F9B7-4DB0-BF69-723BCD71BEDC}
	EndGlobalSection
EndGlobal
